
Microsoft Visual Studio Solution File, Format Version 12.00
# Visual Studio Version 17
VisualStudioVersion = 17.5.002.0
MinimumVisualStudioVersion = 10.0.40219.1
Project("{2150E333-8FDC-42A3-9474-1A3956D46DE8}") = "prepare", "prepare", "{B85B99CF-CDA1-47C9-B6D2-E84CC4A8AE7C}"
EndProject
Project("{9A19103F-16F7-4668-BE54-9A1E7A4F7556}") = "Learning02", "prepare\Learning02\Learning02.csproj", "{5CB66F58-CB4F-439E-81E1-866FB0447133}"
EndProject
Project("{9A19103F-16F7-4668-BE54-9A1E7A4F7556}") = "Learning05", "prepare\Learning05\Learning05.csproj", "{8E9749FC-6921-41F1-910C-11E27FE0BA64}"
EndProject
Project("{9A19103F-16F7-4668-BE54-9A1E7A4F7556}") = "Learning04", "prepare\Learning04\Learning04.csproj", "{7EC2E236-8096-4AA0-AFE5-813228CCF76A}"
EndProject
Project("{9A19103F-16F7-4668-BE54-9A1E7A4F7556}") = "Learning03", "prepare\Learning03\Learning03.csproj", "{7083DFDC-E631-49E0-9F6A-26D731B9C6E8}"
EndProject
Project("{2150E333-8FDC-42A3-9474-1A3956D46DE8}") = "prove", "prove", "{C20F1EBD-3DE9-49E7-9578-95C0CA81B97D}"
EndProject
Project("{9A19103F-16F7-4668-BE54-9A1E7A4F7556}") = "Develop03", "prove\Develop03\Develop03.csproj", "{A429FB21-4A6B-441A-A1E0-C31D33F0F279}"
EndProject
Project("{9A19103F-16F7-4668-BE54-9A1E7A4F7556}") = "Develop04", "prove\Develop04\Develop04.csproj", "{A67A6C90-0265-41FC-A025-382FB52C5473}"
EndProject
Project("{9A19103F-16F7-4668-BE54-9A1E7A4F7556}") = "Develop05", "prove\Develop05\Develop05.csproj", "{BFC012B2-C63C-4FE9-B12A-8067EA59CF36}"
EndProject
Project("{9A19103F-16F7-4668-BE54-9A1E7A4F7556}") = "Develop02", "prove\Develop02\Develop02.csproj", "{AEDA822B-9871-4866-9F3D-4F3AF4942876}"
EndProject
Project("{2150E333-8FDC-42A3-9474-1A3956D46DE8}") = "sandbox", "sandbox", "{0E6A46A8-9773-45B5-B51A-B94094FC349F}"
EndProject
Project("{9A19103F-16F7-4668-BE54-9A1E7A4F7556}") = "Sandbox", "sandbox\Sandbox\Sandbox.csproj", "{FD38050C-4BC1-4D5A-84FF-C0D63BC5B2C8}"
EndProject
Project("{2150E333-8FDC-42A3-9474-1A3956D46DE8}") = "final", "final", "{F3D6490F-07BF-45DE-820A-1E8A86562980}"
EndProject
Project("{9A19103F-16F7-4668-BE54-9A1E7A4F7556}") = "FinalProject", "final\FinalProject\FinalProject.csproj", "{9D469EB3-11BF-4678-B50A-7EFD35F29132}"
EndProject
Project("{9A19103F-16F7-4668-BE54-9A1E7A4F7556}") = "Foundation1", "final\Foundation1\Foundation1.csproj", "{767F3EC2-1CF8-4D7A-A622-CA1458F17030}"
EndProject
Project("{9A19103F-16F7-4668-BE54-9A1E7A4F7556}") = "Foundation4", "final\Foundation4\Foundation4.csproj", "{293223FD-AC9E-4637-B2F6-8C5C440FEE0D}"
EndProject
Project("{9A19103F-16F7-4668-BE54-9A1E7A4F7556}") = "Foundation3", "final\Foundation3\Foundation3.csproj", "{616641E1-975B-4948-8443-8D4DA453A8B9}"
EndProject
Project("{9A19103F-16F7-4668-BE54-9A1E7A4F7556}") = "Foundation2", "final\Foundation2\Foundation2.csproj", "{1F1FF75F-24A6-439F-80E4-3F0407FDAEA4}"
EndProject
Project("{2150E333-8FDC-42A3-9474-1A3956D46DE8}") = "csharp-prep", "csharp-prep", "{A9002119-3493-43EC-8945-EA842D0987A0}"
EndProject
Project("{9A19103F-16F7-4668-BE54-9A1E7A4F7556}") = "Prep1", "csharp-prep\Prep1\Prep1.csproj", "{6D2AB906-1B65-44CA-97CF-E91D6E4CB44B}"
EndProject
Project("{9A19103F-16F7-4668-BE54-9A1E7A4F7556}") = "Prep5", "csharp-prep\Prep5\Prep5.csproj", "{3CC6104E-E952-4845-8DBC-31E592987CF0}"
EndProject
Project("{9A19103F-16F7-4668-BE54-9A1E7A4F7556}") = "Prep2", "csharp-prep\Prep2\Prep2.csproj", "{78618459-E555-441B-8500-486FFD95C3EB}"
EndProject
Project("{9A19103F-16F7-4668-BE54-9A1E7A4F7556}") = "Prep3", "csharp-prep\Prep3\Prep3.csproj", "{BDD17978-5B86-4F52-B4F0-5AD32A0A2ECC}"
EndProject
Project("{9A19103F-16F7-4668-BE54-9A1E7A4F7556}") = "Prep4", "csharp-prep\Prep4\Prep4.csproj", "{AFDB5EBF-E1DC-405F-813C-E7A31B5FE5E6}"
EndProject
Global
	GlobalSection(SolutionConfigurationPlatforms) = preSolution
		Debug|Any CPU = Debug|Any CPU
		Release|Any CPU = Release|Any CPU
	EndGlobalSection
	GlobalSection(ProjectConfigurationPlatforms) = postSolution
		{5CB66F58-CB4F-439E-81E1-866FB0447133}.Debug|Any CPU.ActiveCfg = Debug|Any CPU
		{5CB66F58-CB4F-439E-81E1-866FB0447133}.Debug|Any CPU.Build.0 = Debug|Any CPU
		{5CB66F58-CB4F-439E-81E1-866FB0447133}.Release|Any CPU.ActiveCfg = Release|Any CPU
		{5CB66F58-CB4F-439E-81E1-866FB0447133}.Release|Any CPU.Build.0 = Release|Any CPU
		{8E9749FC-6921-41F1-910C-11E27FE0BA64}.Debug|Any CPU.ActiveCfg = Debug|Any CPU
		{8E9749FC-6921-41F1-910C-11E27FE0BA64}.Debug|Any CPU.Build.0 = Debug|Any CPU
		{8E9749FC-6921-41F1-910C-11E27FE0BA64}.Release|Any CPU.ActiveCfg = Release|Any CPU
		{8E9749FC-6921-41F1-910C-11E27FE0BA64}.Release|Any CPU.Build.0 = Release|Any CPU
		{7EC2E236-8096-4AA0-AFE5-813228CCF76A}.Debug|Any CPU.ActiveCfg = Debug|Any CPU
		{7EC2E236-8096-4AA0-AFE5-813228CCF76A}.Debug|Any CPU.Build.0 = Debug|Any CPU
		{7EC2E236-8096-4AA0-AFE5-813228CCF76A}.Release|Any CPU.ActiveCfg = Release|Any CPU
		{7EC2E236-8096-4AA0-AFE5-813228CCF76A}.Release|Any CPU.Build.0 = Release|Any CPU
		{7083DFDC-E631-49E0-9F6A-26D731B9C6E8}.Debug|Any CPU.ActiveCfg = Debug|Any CPU
		{7083DFDC-E631-49E0-9F6A-26D731B9C6E8}.Debug|Any CPU.Build.0 = Debug|Any CPU
		{7083DFDC-E631-49E0-9F6A-26D731B9C6E8}.Release|Any CPU.ActiveCfg = Release|Any CPU
		{7083DFDC-E631-49E0-9F6A-26D731B9C6E8}.Release|Any CPU.Build.0 = Release|Any CPU
		{A429FB21-4A6B-441A-A1E0-C31D33F0F279}.Debug|Any CPU.ActiveCfg = Debug|Any CPU
		{A429FB21-4A6B-441A-A1E0-C31D33F0F279}.Debug|Any CPU.Build.0 = Debug|Any CPU
		{A429FB21-4A6B-441A-A1E0-C31D33F0F279}.Release|Any CPU.ActiveCfg = Release|Any CPU
		{A429FB21-4A6B-441A-A1E0-C31D33F0F279}.Release|Any CPU.Build.0 = Release|Any CPU
		{A67A6C90-0265-41FC-A025-382FB52C5473}.Debug|Any CPU.ActiveCfg = Debug|Any CPU
		{A67A6C90-0265-41FC-A025-382FB52C5473}.Debug|Any CPU.Build.0 = Debug|Any CPU
		{A67A6C90-0265-41FC-A025-382FB52C5473}.Release|Any CPU.ActiveCfg = Release|Any CPU
		{A67A6C90-0265-41FC-A025-382FB52C5473}.Release|Any CPU.Build.0 = Release|Any CPU
		{BFC012B2-C63C-4FE9-B12A-8067EA59CF36}.Debug|Any CPU.ActiveCfg = Debug|Any CPU
		{BFC012B2-C63C-4FE9-B12A-8067EA59CF36}.Debug|Any CPU.Build.0 = Debug|Any CPU
		{BFC012B2-C63C-4FE9-B12A-8067EA59CF36}.Release|Any CPU.ActiveCfg = Release|Any CPU
		{BFC012B2-C63C-4FE9-B12A-8067EA59CF36}.Release|Any CPU.Build.0 = Release|Any CPU
		{AEDA822B-9871-4866-9F3D-4F3AF4942876}.Debug|Any CPU.ActiveCfg = Debug|Any CPU
		{AEDA822B-9871-4866-9F3D-4F3AF4942876}.Debug|Any CPU.Build.0 = Debug|Any CPU
		{AEDA822B-9871-4866-9F3D-4F3AF4942876}.Release|Any CPU.ActiveCfg = Release|Any CPU
		{AEDA822B-9871-4866-9F3D-4F3AF4942876}.Release|Any CPU.Build.0 = Release|Any CPU
		{FD38050C-4BC1-4D5A-84FF-C0D63BC5B2C8}.Debug|Any CPU.ActiveCfg = Debug|Any CPU
		{FD38050C-4BC1-4D5A-84FF-C0D63BC5B2C8}.Debug|Any CPU.Build.0 = Debug|Any CPU
		{FD38050C-4BC1-4D5A-84FF-C0D63BC5B2C8}.Release|Any CPU.ActiveCfg = Release|Any CPU
		{FD38050C-4BC1-4D5A-84FF-C0D63BC5B2C8}.Release|Any CPU.Build.0 = Release|Any CPU
		{9D469EB3-11BF-4678-B50A-7EFD35F29132}.Debug|Any CPU.ActiveCfg = Debug|Any CPU
		{9D469EB3-11BF-4678-B50A-7EFD35F29132}.Debug|Any CPU.Build.0 = Debug|Any CPU
		{9D469EB3-11BF-4678-B50A-7EFD35F29132}.Release|Any CPU.ActiveCfg = Release|Any CPU
		{9D469EB3-11BF-4678-B50A-7EFD35F29132}.Release|Any CPU.Build.0 = Release|Any CPU
		{767F3EC2-1CF8-4D7A-A622-CA1458F17030}.Debug|Any CPU.ActiveCfg = Debug|Any CPU
		{767F3EC2-1CF8-4D7A-A622-CA1458F17030}.Debug|Any CPU.Build.0 = Debug|Any CPU
		{767F3EC2-1CF8-4D7A-A622-CA1458F17030}.Release|Any CPU.ActiveCfg = Release|Any CPU
		{767F3EC2-1CF8-4D7A-A622-CA1458F17030}.Release|Any CPU.Build.0 = Release|Any CPU
		{293223FD-AC9E-4637-B2F6-8C5C440FEE0D}.Debug|Any CPU.ActiveCfg = Debug|Any CPU
		{293223FD-AC9E-4637-B2F6-8C5C440FEE0D}.Debug|Any CPU.Build.0 = Debug|Any CPU
		{293223FD-AC9E-4637-B2F6-8C5C440FEE0D}.Release|Any CPU.ActiveCfg = Release|Any CPU
		{293223FD-AC9E-4637-B2F6-8C5C440FEE0D}.Release|Any CPU.Build.0 = Release|Any CPU
		{616641E1-975B-4948-8443-8D4DA453A8B9}.Debug|Any CPU.ActiveCfg = Debug|Any CPU
		{616641E1-975B-4948-8443-8D4DA453A8B9}.Debug|Any CPU.Build.0 = Debug|Any CPU
		{616641E1-975B-4948-8443-8D4DA453A8B9}.Release|Any CPU.ActiveCfg = Release|Any CPU
		{616641E1-975B-4948-8443-8D4DA453A8B9}.Release|Any CPU.Build.0 = Release|Any CPU
		{1F1FF75F-24A6-439F-80E4-3F0407FDAEA4}.Debug|Any CPU.ActiveCfg = Debug|Any CPU
		{1F1FF75F-24A6-439F-80E4-3F0407FDAEA4}.Debug|Any CPU.Build.0 = Debug|Any CPU
		{1F1FF75F-24A6-439F-80E4-3F0407FDAEA4}.Release|Any CPU.ActiveCfg = Release|Any CPU
		{1F1FF75F-24A6-439F-80E4-3F0407FDAEA4}.Release|Any CPU.Build.0 = Release|Any CPU
		{6D2AB906-1B65-44CA-97CF-E91D6E4CB44B}.Debug|Any CPU.ActiveCfg = Debug|Any CPU
		{6D2AB906-1B65-44CA-97CF-E91D6E4CB44B}.Debug|Any CPU.Build.0 = Debug|Any CPU
		{6D2AB906-1B65-44CA-97CF-E91D6E4CB44B}.Release|Any CPU.ActiveCfg = Release|Any CPU
		{6D2AB906-1B65-44CA-97CF-E91D6E4CB44B}.Release|Any CPU.Build.0 = Release|Any CPU
		{3CC6104E-E952-4845-8DBC-31E592987CF0}.Debug|Any CPU.ActiveCfg = Debug|Any CPU
		{3CC6104E-E952-4845-8DBC-31E592987CF0}.Debug|Any CPU.Build.0 = Debug|Any CPU
		{3CC6104E-E952-4845-8DBC-31E592987CF0}.Release|Any CPU.ActiveCfg = Release|Any CPU
		{3CC6104E-E952-4845-8DBC-31E592987CF0}.Release|Any CPU.Build.0 = Release|Any CPU
		{78618459-E555-441B-8500-486FFD95C3EB}.Debug|Any CPU.ActiveCfg = Debug|Any CPU
		{78618459-E555-441B-8500-486FFD95C3EB}.Debug|Any CPU.Build.0 = Debug|Any CPU
		{78618459-E555-441B-8500-486FFD95C3EB}.Release|Any CPU.ActiveCfg = Release|Any CPU
		{78618459-E555-441B-8500-486FFD95C3EB}.Release|Any CPU.Build.0 = Release|Any CPU
		{BDD17978-5B86-4F52-B4F0-5AD32A0A2ECC}.Debug|Any CPU.ActiveCfg = Debug|Any CPU
		{BDD17978-5B86-4F52-B4F0-5AD32A0A2ECC}.Debug|Any CPU.Build.0 = Debug|Any CPU
		{BDD17978-5B86-4F52-B4F0-5AD32A0A2ECC}.Release|Any CPU.ActiveCfg = Release|Any CPU
		{BDD17978-5B86-4F52-B4F0-5AD32A0A2ECC}.Release|Any CPU.Build.0 = Release|Any CPU
		{AFDB5EBF-E1DC-405F-813C-E7A31B5FE5E6}.Debug|Any CPU.ActiveCfg = Debug|Any CPU
		{AFDB5EBF-E1DC-405F-813C-E7A31B5FE5E6}.Debug|Any CPU.Build.0 = Debug|Any CPU
		{AFDB5EBF-E1DC-405F-813C-E7A31B5FE5E6}.Release|Any CPU.ActiveCfg = Release|Any CPU
		{AFDB5EBF-E1DC-405F-813C-E7A31B5FE5E6}.Release|Any CPU.Build.0 = Release|Any CPU
	EndGlobalSection
	GlobalSection(SolutionProperties) = preSolution
		HideSolutionNode = FALSE
	EndGlobalSection
	GlobalSection(NestedProjects) = preSolution
		{5CB66F58-CB4F-439E-81E1-866FB0447133} = {B85B99CF-CDA1-47C9-B6D2-E84CC4A8AE7C}
		{8E9749FC-6921-41F1-910C-11E27FE0BA64} = {B85B99CF-CDA1-47C9-B6D2-E84CC4A8AE7C}
		{7EC2E236-8096-4AA0-AFE5-813228CCF76A} = {B85B99CF-CDA1-47C9-B6D2-E84CC4A8AE7C}
		{7083DFDC-E631-49E0-9F6A-26D731B9C6E8} = {B85B99CF-CDA1-47C9-B6D2-E84CC4A8AE7C}
		{A429FB21-4A6B-441A-A1E0-C31D33F0F279} = {C20F1EBD-3DE9-49E7-9578-95C0CA81B97D}
		{A67A6C90-0265-41FC-A025-382FB52C5473} = {C20F1EBD-3DE9-49E7-9578-95C0CA81B97D}
		{BFC012B2-C63C-4FE9-B12A-8067EA59CF36} = {C20F1EBD-3DE9-49E7-9578-95C0CA81B97D}
		{AEDA822B-9871-4866-9F3D-4F3AF4942876} = {C20F1EBD-3DE9-49E7-9578-95C0CA81B97D}
		{FD38050C-4BC1-4D5A-84FF-C0D63BC5B2C8} = {0E6A46A8-9773-45B5-B51A-B94094FC349F}
		{9D469EB3-11BF-4678-B50A-7EFD35F29132} = {F3D6490F-07BF-45DE-820A-1E8A86562980}
		{767F3EC2-1CF8-4D7A-A622-CA1458F17030} = {F3D6490F-07BF-45DE-820A-1E8A86562980}
		{293223FD-AC9E-4637-B2F6-8C5C440FEE0D} = {F3D6490F-07BF-45DE-820A-1E8A86562980}
		{616641E1-975B-4948-8443-8D4DA453A8B9} = {F3D6490F-07BF-45DE-820A-1E8A86562980}
		{1F1FF75F-24A6-439F-80E4-3F0407FDAEA4} = {F3D6490F-07BF-45DE-820A-1E8A86562980}
		{6D2AB906-1B65-44CA-97CF-E91D6E4CB44B} = {A9002119-3493-43EC-8945-EA842D0987A0}
		{3CC6104E-E952-4845-8DBC-31E592987CF0} = {A9002119-3493-43EC-8945-EA842D0987A0}
		{78618459-E555-441B-8500-486FFD95C3EB} = {A9002119-3493-43EC-8945-EA842D0987A0}
		{BDD17978-5B86-4F52-B4F0-5AD32A0A2ECC} = {A9002119-3493-43EC-8945-EA842D0987A0}
		{AFDB5EBF-E1DC-405F-813C-E7A31B5FE5E6} = {A9002119-3493-43EC-8945-EA842D0987A0}
	EndGlobalSection
	GlobalSection(ExtensibilityGlobals) = postSolution
		SolutionGuid = {12F08568-4351-4843-96C3-B781256E64D0}
	EndGlobalSection
EndGlobal
